{
  "name": "ikbk_net_styles",
  "version": "1.0.0",
  "lockfileVersion": 1,
  "requires": true,
  "dependencies": {
    "@efrolic/efrolic": {
      "version": "0.3.1",
      "resolved": "https://npm.pkg.github.com/download/@efrolic/efrolic/0.3.1/894c5a88df321a0a642ce94c760cefa214a1bf7623edd6e5529e70a1900a4706",
      "integrity": "sha512-aLZ+YBd0ASutLf222ew2chN+F2pgeXQOpgYtph2CCHrkOkTQR82mhpjkQYH0YtudXxWUHwrpGeEs7/e7E8Or6A=="
    },
    "@fortawesome/fontawesome-free": {
      "version": "5.15.2",
      "resolved": "https://registry.npmjs.org/@fortawesome/fontawesome-free/-/fontawesome-free-5.15.2.tgz",
      "integrity": "sha512-7l/AX41m609L/EXI9EKH3Vs3v0iA8tKlIOGtw+kgcoanI7p+e4I4GYLqW3UXWiTnjSFymKSmTTPKYrivzbxxqA=="
    }
  }
}
